
Microsoft Visual Studio Solution File, Format Version 12.00
# Visual Studio Version 17
VisualStudioVersion = 17.5.33530.505
MinimumVisualStudioVersion = 10.0.40219.1
Project("{FAE04EC0-301F-11D3-BF4B-00C04F79EFBC}") = "BackEnd", "BackEnd\BackEnd.csproj", "{5CA5BD8D-1636-40E2-B838-109916AB6721}"
EndProject
Project("{FAE04EC0-301F-11D3-BF4B-00C04F79EFBC}") = "UnitTest", "UnitTest\UnitTest.csproj", "{583AB754-92AD-4477-B1BE-A82F64522F9F}"
EndProject
Global
	GlobalSection(SolutionConfigurationPlatforms) = preSolution
		Debug|Any CPU = Debug|Any CPU
		Release|Any CPU = Release|Any CPU
	EndGlobalSection
	GlobalSection(ProjectConfigurationPlatforms) = postSolution
		{5CA5BD8D-1636-40E2-B838-109916AB6721}.Debug|Any CPU.ActiveCfg = Debug|Any CPU
		{5CA5BD8D-1636-40E2-B838-109916AB6721}.Debug|Any CPU.Build.0 = Debug|Any CPU
		{5CA5BD8D-1636-40E2-B838-109916AB6721}.Release|Any CPU.ActiveCfg = Release|Any CPU
		{5CA5BD8D-1636-40E2-B838-109916AB6721}.Release|Any CPU.Build.0 = Release|Any CPU
		{583AB754-92AD-4477-B1BE-A82F64522F9F}.Debug|Any CPU.ActiveCfg = Debug|Any CPU
		{583AB754-92AD-4477-B1BE-A82F64522F9F}.Debug|Any CPU.Build.0 = Debug|Any CPU
		{583AB754-92AD-4477-B1BE-A82F64522F9F}.Release|Any CPU.ActiveCfg = Release|Any CPU
		{583AB754-92AD-4477-B1BE-A82F64522F9F}.Release|Any CPU.Build.0 = Release|Any CPU
	EndGlobalSection
	GlobalSection(SolutionProperties) = preSolution
		HideSolutionNode = FALSE
	EndGlobalSection
	GlobalSection(ExtensibilityGlobals) = postSolution
		SolutionGuid = {91E74DD0-C4AF-4A0D-ABD2-85CAC6DCB957}
	EndGlobalSection
EndGlobal
