Microsoft Visual Studio Solution File, Format Version 12.00
# Visual Studio Version 17
VisualStudioVersion = 17.5.33530.505
MinimumVisualStudioVersion = 10.0.40219.1
Project("{9A19103F-16F7-4668-BE54-9A1E7A4F7556}") = "WebApi", "WebApi\WebApi.csproj", "{4E267A36-EC6F-458F-A446-A9BCC1483684}"
EndProject
Project("{9A19103F-16F7-4668-BE54-9A1E7A4F7556}") = "Domain", "Domain\Domain.csproj", "{275C5FD7-8E91-4FB2-9324-787313F6FFD4}"
EndProject
Project("{9A19103F-16F7-4668-BE54-9A1E7A4F7556}") = "BusinessLogic", "BusinessLogic\BusinessLogic.csproj", "{A02DC607-3395-4928-B48C-911B87CBB339}"
EndProject
Project("{9A19103F-16F7-4668-BE54-9A1E7A4F7556}") = "LogicInterface", "LogicInterface\LogicInterface.csproj", "{EAA86F1A-9BB5-4883-8941-C5FABCDEDF6E}"
EndProject
Project("{9A19103F-16F7-4668-BE54-9A1E7A4F7556}") = "Utilities", "Utilities\Utilities.csproj", "{C97CE480-C5F0-47C1-BAE6-8894524CF1B9}"
EndProject
Project("{9A19103F-16F7-4668-BE54-9A1E7A4F7556}") = "DataAccess", "DataAccess\DataAccess.csproj", "{DF4E3A5E-6044-4FBD-A876-5640189B020F}"
EndProject
Project("{9A19103F-16F7-4668-BE54-9A1E7A4F7556}") = "DataAccessTest", "DataAccessTest\DataAccessTest.csproj", "{C8E2F9FE-7C25-4D11-A9BA-9E3B1D11168C}"
EndProject
Project("{9A19103F-16F7-4668-BE54-9A1E7A4F7556}") = "DataAccessInterface", "DataAccessInterface\DataAccessInterface.csproj", "{581526DC-5A68-4941-BE63-30CBD4C96549}"
EndProject
Project("{9A19103F-16F7-4668-BE54-9A1E7A4F7556}") = "ApiModels", "ApiModels\ApiModels.csproj", "{E8F4470B-D2EE-4102-82F7-5474E474D8B6}"
EndProject
Project("{9A19103F-16F7-4668-BE54-9A1E7A4F7556}") = "BusinessLogicTest", "BusinessLogicTest\BusinessLogicTest.csproj", "{C7C763E1-CE2A-4A1E-8EDD-C6C033FB5102}"
EndProject
Project("{9A19103F-16F7-4668-BE54-9A1E7A4F7556}") = "DomainTest", "DomainTest\DomainTest.csproj", "{4FFF6A75-BFD6-40D4-B9E4-5FB004E7EA68}"
EndProject
Project("{9A19103F-16F7-4668-BE54-9A1E7A4F7556}") = "UtilitiesTest", "UtilitiesTest\UtilitiesTest.csproj", "{205C6A54-8E05-4A98-994B-CDAACDFC94C1}"
EndProject
Project("{9A19103F-16F7-4668-BE54-9A1E7A4F7556}") = "WebApiModelsTest", "WebApiModelsTest\WebApiModelsTest.csproj", "{BCB5533D-8483-4DBF-B9F0-CDDC25B32C31}"
EndProject
Project("{9A19103F-16F7-4668-BE54-9A1E7A4F7556}") = "ServiceFactory", "ServiceFactory\ServiceFactory.csproj", "{3ED2ACC2-FBA3-4775-9F6B-90D4F543BACB}"
EndProject
Project("{FAE04EC0-301F-11D3-BF4B-00C04F79EFBC}") = "Promotion20Off", "Promotion20Off\Promotion20Off.csproj", "{51EDD7AD-5A60-41D6-AA2D-651E3F630D77}"
EndProject
Project("{FAE04EC0-301F-11D3-BF4B-00C04F79EFBC}") = "Promotion3x1Fidelity", "Promotion3x1Fidelity\Promotion3x1Fidelity.csproj", "{33FFA558-0706-4E67-A45E-C202881E1C34}"
EndProject
Project("{FAE04EC0-301F-11D3-BF4B-00C04F79EFBC}") = "Promotion3x2", "Promotion3x2\Promotion3x2.csproj", "{4915E698-D35A-45E1-9174-5410177EAF45}"
EndProject
Project("{FAE04EC0-301F-11D3-BF4B-00C04F79EFBC}") = "PromotionTotalLook", "PromotionTotalLook\PromotionTotalLook.csproj", "{5531DD4A-4C8A-499D-AE06-9CF87720E086}"
EndProject
Global
	GlobalSection(SolutionConfigurationPlatforms) = preSolution
		Debug|Any CPU = Debug|Any CPU
		Release|Any CPU = Release|Any CPU
	EndGlobalSection
	GlobalSection(ProjectConfigurationPlatforms) = postSolution
		{4E267A36-EC6F-458F-A446-A9BCC1483684}.Debug|Any CPU.ActiveCfg = Debug|Any CPU
		{4E267A36-EC6F-458F-A446-A9BCC1483684}.Debug|Any CPU.Build.0 = Debug|Any CPU
		{4E267A36-EC6F-458F-A446-A9BCC1483684}.Release|Any CPU.ActiveCfg = Release|Any CPU
		{4E267A36-EC6F-458F-A446-A9BCC1483684}.Release|Any CPU.Build.0 = Release|Any CPU
		{275C5FD7-8E91-4FB2-9324-787313F6FFD4}.Debug|Any CPU.ActiveCfg = Debug|Any CPU
		{275C5FD7-8E91-4FB2-9324-787313F6FFD4}.Debug|Any CPU.Build.0 = Debug|Any CPU
		{275C5FD7-8E91-4FB2-9324-787313F6FFD4}.Release|Any CPU.ActiveCfg = Release|Any CPU
		{275C5FD7-8E91-4FB2-9324-787313F6FFD4}.Release|Any CPU.Build.0 = Release|Any CPU
		{A02DC607-3395-4928-B48C-911B87CBB339}.Debug|Any CPU.ActiveCfg = Debug|Any CPU
		{A02DC607-3395-4928-B48C-911B87CBB339}.Debug|Any CPU.Build.0 = Debug|Any CPU
		{A02DC607-3395-4928-B48C-911B87CBB339}.Release|Any CPU.ActiveCfg = Release|Any CPU
		{A02DC607-3395-4928-B48C-911B87CBB339}.Release|Any CPU.Build.0 = Release|Any CPU
		{EAA86F1A-9BB5-4883-8941-C5FABCDEDF6E}.Debug|Any CPU.ActiveCfg = Debug|Any CPU
		{EAA86F1A-9BB5-4883-8941-C5FABCDEDF6E}.Debug|Any CPU.Build.0 = Debug|Any CPU
		{EAA86F1A-9BB5-4883-8941-C5FABCDEDF6E}.Release|Any CPU.ActiveCfg = Release|Any CPU
		{EAA86F1A-9BB5-4883-8941-C5FABCDEDF6E}.Release|Any CPU.Build.0 = Release|Any CPU
		{C97CE480-C5F0-47C1-BAE6-8894524CF1B9}.Debug|Any CPU.ActiveCfg = Debug|Any CPU
		{C97CE480-C5F0-47C1-BAE6-8894524CF1B9}.Debug|Any CPU.Build.0 = Debug|Any CPU
		{C97CE480-C5F0-47C1-BAE6-8894524CF1B9}.Release|Any CPU.ActiveCfg = Release|Any CPU
		{C97CE480-C5F0-47C1-BAE6-8894524CF1B9}.Release|Any CPU.Build.0 = Release|Any CPU
		{DF4E3A5E-6044-4FBD-A876-5640189B020F}.Debug|Any CPU.ActiveCfg = Debug|Any CPU
		{DF4E3A5E-6044-4FBD-A876-5640189B020F}.Debug|Any CPU.Build.0 = Debug|Any CPU
		{DF4E3A5E-6044-4FBD-A876-5640189B020F}.Release|Any CPU.ActiveCfg = Release|Any CPU
		{DF4E3A5E-6044-4FBD-A876-5640189B020F}.Release|Any CPU.Build.0 = Release|Any CPU
		{C8E2F9FE-7C25-4D11-A9BA-9E3B1D11168C}.Debug|Any CPU.ActiveCfg = Debug|Any CPU
		{C8E2F9FE-7C25-4D11-A9BA-9E3B1D11168C}.Debug|Any CPU.Build.0 = Debug|Any CPU
		{C8E2F9FE-7C25-4D11-A9BA-9E3B1D11168C}.Release|Any CPU.ActiveCfg = Release|Any CPU
		{C8E2F9FE-7C25-4D11-A9BA-9E3B1D11168C}.Release|Any CPU.Build.0 = Release|Any CPU
		{581526DC-5A68-4941-BE63-30CBD4C96549}.Debug|Any CPU.ActiveCfg = Debug|Any CPU
		{581526DC-5A68-4941-BE63-30CBD4C96549}.Debug|Any CPU.Build.0 = Debug|Any CPU
		{581526DC-5A68-4941-BE63-30CBD4C96549}.Release|Any CPU.ActiveCfg = Release|Any CPU
		{581526DC-5A68-4941-BE63-30CBD4C96549}.Release|Any CPU.Build.0 = Release|Any CPU
		{E8F4470B-D2EE-4102-82F7-5474E474D8B6}.Debug|Any CPU.ActiveCfg = Debug|Any CPU
		{E8F4470B-D2EE-4102-82F7-5474E474D8B6}.Debug|Any CPU.Build.0 = Debug|Any CPU
		{E8F4470B-D2EE-4102-82F7-5474E474D8B6}.Release|Any CPU.ActiveCfg = Release|Any CPU
		{E8F4470B-D2EE-4102-82F7-5474E474D8B6}.Release|Any CPU.Build.0 = Release|Any CPU
		{C7C763E1-CE2A-4A1E-8EDD-C6C033FB5102}.Debug|Any CPU.ActiveCfg = Debug|Any CPU
		{C7C763E1-CE2A-4A1E-8EDD-C6C033FB5102}.Debug|Any CPU.Build.0 = Debug|Any CPU
		{C7C763E1-CE2A-4A1E-8EDD-C6C033FB5102}.Release|Any CPU.ActiveCfg = Release|Any CPU
		{C7C763E1-CE2A-4A1E-8EDD-C6C033FB5102}.Release|Any CPU.Build.0 = Release|Any CPU
		{4FFF6A75-BFD6-40D4-B9E4-5FB004E7EA68}.Debug|Any CPU.ActiveCfg = Debug|Any CPU
		{4FFF6A75-BFD6-40D4-B9E4-5FB004E7EA68}.Debug|Any CPU.Build.0 = Debug|Any CPU
		{4FFF6A75-BFD6-40D4-B9E4-5FB004E7EA68}.Release|Any CPU.ActiveCfg = Release|Any CPU
		{4FFF6A75-BFD6-40D4-B9E4-5FB004E7EA68}.Release|Any CPU.Build.0 = Release|Any CPU
		{205C6A54-8E05-4A98-994B-CDAACDFC94C1}.Debug|Any CPU.ActiveCfg = Debug|Any CPU
		{205C6A54-8E05-4A98-994B-CDAACDFC94C1}.Debug|Any CPU.Build.0 = Debug|Any CPU
		{205C6A54-8E05-4A98-994B-CDAACDFC94C1}.Release|Any CPU.ActiveCfg = Release|Any CPU
		{205C6A54-8E05-4A98-994B-CDAACDFC94C1}.Release|Any CPU.Build.0 = Release|Any CPU
		{BCB5533D-8483-4DBF-B9F0-CDDC25B32C31}.Debug|Any CPU.ActiveCfg = Debug|Any CPU
		{BCB5533D-8483-4DBF-B9F0-CDDC25B32C31}.Debug|Any CPU.Build.0 = Debug|Any CPU
		{BCB5533D-8483-4DBF-B9F0-CDDC25B32C31}.Release|Any CPU.ActiveCfg = Release|Any CPU
		{BCB5533D-8483-4DBF-B9F0-CDDC25B32C31}.Release|Any CPU.Build.0 = Release|Any CPU
		{3ED2ACC2-FBA3-4775-9F6B-90D4F543BACB}.Debug|Any CPU.ActiveCfg = Debug|Any CPU
		{3ED2ACC2-FBA3-4775-9F6B-90D4F543BACB}.Debug|Any CPU.Build.0 = Debug|Any CPU
		{3ED2ACC2-FBA3-4775-9F6B-90D4F543BACB}.Release|Any CPU.ActiveCfg = Release|Any CPU
		{3ED2ACC2-FBA3-4775-9F6B-90D4F543BACB}.Release|Any CPU.Build.0 = Release|Any CPU
		{51EDD7AD-5A60-41D6-AA2D-651E3F630D77}.Debug|Any CPU.ActiveCfg = Debug|Any CPU
		{51EDD7AD-5A60-41D6-AA2D-651E3F630D77}.Debug|Any CPU.Build.0 = Debug|Any CPU
		{51EDD7AD-5A60-41D6-AA2D-651E3F630D77}.Release|Any CPU.ActiveCfg = Release|Any CPU
		{51EDD7AD-5A60-41D6-AA2D-651E3F630D77}.Release|Any CPU.Build.0 = Release|Any CPU
		{33FFA558-0706-4E67-A45E-C202881E1C34}.Debug|Any CPU.ActiveCfg = Debug|Any CPU
		{33FFA558-0706-4E67-A45E-C202881E1C34}.Debug|Any CPU.Build.0 = Debug|Any CPU
		{33FFA558-0706-4E67-A45E-C202881E1C34}.Release|Any CPU.ActiveCfg = Release|Any CPU
		{33FFA558-0706-4E67-A45E-C202881E1C34}.Release|Any CPU.Build.0 = Release|Any CPU
		{4915E698-D35A-45E1-9174-5410177EAF45}.Debug|Any CPU.ActiveCfg = Debug|Any CPU
		{4915E698-D35A-45E1-9174-5410177EAF45}.Debug|Any CPU.Build.0 = Debug|Any CPU
		{4915E698-D35A-45E1-9174-5410177EAF45}.Release|Any CPU.ActiveCfg = Release|Any CPU
		{4915E698-D35A-45E1-9174-5410177EAF45}.Release|Any CPU.Build.0 = Release|Any CPU
		{5531DD4A-4C8A-499D-AE06-9CF87720E086}.Debug|Any CPU.ActiveCfg = Debug|Any CPU
		{5531DD4A-4C8A-499D-AE06-9CF87720E086}.Debug|Any CPU.Build.0 = Debug|Any CPU
		{5531DD4A-4C8A-499D-AE06-9CF87720E086}.Release|Any CPU.ActiveCfg = Release|Any CPU
		{5531DD4A-4C8A-499D-AE06-9CF87720E086}.Release|Any CPU.Build.0 = Release|Any CPU
	EndGlobalSection
	GlobalSection(SolutionProperties) = preSolution
		HideSolutionNode = FALSE
	EndGlobalSection
	GlobalSection(ExtensibilityGlobals) = postSolution
		SolutionGuid = {91E74DD0-C4AF-4A0D-ABD2-85CAC6DCB957}
	EndGlobalSection
EndGlobal
